<?xml version="1.0" encoding="utf-8"?>
<Project ToolsVersion="4.0" xmlns="http://schemas.microsoft.com/developer/msbuild/2003">
  <ItemGroup>
    <Filter Include="源文件">
      <UniqueIdentifier>{4FC737F1-C7A5-4376-A066-2A32D752A2FF}</UniqueIdentifier>
      <Extensions>cpp;c;cc;cxx;def;odl;idl;hpj;bat;asm;asmx</Extensions>
    </Filter>
    <Filter Include="头文件">
      <UniqueIdentifier>{93995380-89BD-4b04-88EB-625FBE52EBFB}</UniqueIdentifier>
      <Extensions>h;hpp;hxx;hm;inl;inc;xsd</Extensions>
    </Filter>
  </ItemGroup>
  <ItemGroup>
    <ClCompile Include="Main.cpp">
      <Filter>源文件</Filter>
    </ClCompile>
    <ClCompile Include="Result.cpp">
      <Filter>源文件</Filter>
    </ClCompile>
    <ClCompile Include="Tool.cpp">
      <Filter>源文件</Filter>
    </ClCompile>
    <ClCompile Include="10.DataRead.cpp">
      <Filter>源文件</Filter>
    </ClCompile>
    <ClCompile Include="00.Version.cpp">
      <Filter>源文件</Filter>
    </ClCompile>
    <ClCompile Include="02.Variable.cpp">
      <Filter>源文件</Filter>
    </ClCompile>
    <ClCompile Include="01.File.cpp">
      <Filter>源文件</Filter>
    </ClCompile>
    <ClCompile Include="20.ElementAnalysis.cpp">
      <Filter>源文件</Filter>
    </ClCompile>
    <ClCompile Include="11.iniArray.cpp">
      <Filter>源文件</Filter>
    </ClCompile>
    <ClCompile Include="40.Assembly.cpp">
      <Filter>源文件</Filter>
    </ClCompile>
    <ClCompile Include="50.Solve.cpp">
      <Filter>源文件</Filter>
    </ClCompile>
    <ClCompile Include="51.Boundary.cpp">
      <Filter>源文件</Filter>
    </ClCompile>
    <ClCompile Include="42.StiffMatrix.cpp">
      <Filter>源文件</Filter>
    </ClCompile>
    <ClCompile Include="30.GeometryAnalysis.cpp">
      <Filter>源文件</Filter>
    </ClCompile>
    <ClCompile Include="Matrix.cpp">
      <Filter>源文件</Filter>
    </ClCompile>
    <ClCompile Include="31.Rotate.cpp">
      <Filter>源文件</Filter>
    </ClCompile>
    <ClCompile Include="32.Judge.cpp">
      <Filter>源文件</Filter>
    </ClCompile>
    <ClCompile Include="43.TFace.cpp">
      <Filter>源文件</Filter>
    </ClCompile>
    <ClCompile Include="33.Interpolate.cpp">
      <Filter>源文件</Filter>
    </ClCompile>
    <ClCompile Include="25.ElementParameter.cpp">
      <Filter>源文件</Filter>
    </ClCompile>
    <ClCompile Include="21.LibraryNormal.cpp">
      <Filter>源文件</Filter>
    </ClCompile>
    <ClCompile Include="13.Keyword.cpp">
      <Filter>源文件</Filter>
    </ClCompile>
    <ClCompile Include="14.Warning.cpp">
      <Filter>源文件</Filter>
    </ClCompile>
    <ClCompile Include="12.Assign.cpp">
      <Filter>源文件</Filter>
    </ClCompile>
    <ClCompile Include="41.ReadStep.cpp">
      <Filter>源文件</Filter>
    </ClCompile>
    <ClCompile Include="60.Tecplot.cpp">
      <Filter>源文件</Filter>
    </ClCompile>
    <ClCompile Include="61.Write.cpp">
      <Filter>源文件</Filter>
    </ClCompile>
  </ItemGroup>
  <ItemGroup>
    <ClInclude Include="Construct.h">
      <Filter>头文件</Filter>
    </ClInclude>
    <ClInclude Include="Element.h">
      <Filter>头文件</Filter>
    </ClInclude>
    <ClInclude Include="Result.h">
      <Filter>头文件</Filter>
    </ClInclude>
    <ClInclude Include="Solve.h">
      <Filter>头文件</Filter>
    </ClInclude>
    <ClInclude Include="Tecplot.h">
      <Filter>头文件</Filter>
    </ClInclude>
    <ClInclude Include="Data.h">
      <Filter>头文件</Filter>
    </ClInclude>
    <ClInclude Include="DataRead.h">
      <Filter>头文件</Filter>
    </ClInclude>
    <ClInclude Include="Transform.h">
      <Filter>头文件</Filter>
    </ClInclude>
  </ItemGroup>
  <ItemGroup>
    <Library Include="C:\Program Files (x86)\VNI\imsl\cnl700\winms800i32\lib\imslcmath_imsl_dll.lib">
      <Filter>源文件</Filter>
    </Library>
  </ItemGroup>
</Project>